// !$*UTF8*$!
{
	archiveVersion = 1;
	classes = {
	};
	objectVersion = 56;
	objects = {

/* Begin PBXBuildFile section */
		187D75C3295F4B14008ECDB9 /* ColorsTableVC.swift in Sources */ = {isa = PBXBuildFile; fileRef = 187D75C2295F4B14008ECDB9 /* ColorsTableVC.swift */; };
		187D75C5295F4C71008ECDB9 /* ColorsDetailVC.swift in Sources */ = {isa = PBXBuildFile; fileRef = 187D75C4295F4C71008ECDB9 /* ColorsDetailVC.swift */; };
		18AF337E29606600004DA39E /* UIColor+ext.swift in Sources */ = {isa = PBXBuildFile; fileRef = 18AF337D29606600004DA39E /* UIColor+ext.swift */; };
		18E06C66295AB7B500E8C7D9 /* AppDelegate.swift in Sources */ = {isa = PBXBuildFile; fileRef = 18E06C65295AB7B500E8C7D9 /* AppDelegate.swift */; };
		18E06C68295AB7B500E8C7D9 /* SceneDelegate.swift in Sources */ = {isa = PBXBuildFile; fileRef = 18E06C67295AB7B500E8C7D9 /* SceneDelegate.swift */; };
		18E06C6D295AB7B500E8C7D9 /* Main.storyboard in Resources */ = {isa = PBXBuildFile; fileRef = 18E06C6B295AB7B500E8C7D9 /* Main.storyboard */; };
		18E06C6F295AB7B600E8C7D9 /* Assets.xcassets in Resources */ = {isa = PBXBuildFile; fileRef = 18E06C6E295AB7B600E8C7D9 /* Assets.xcassets */; };
		18E06C72295AB7B600E8C7D9 /* LaunchScreen.storyboard in Resources */ = {isa = PBXBuildFile; fileRef = 18E06C70295AB7B600E8C7D9 /* LaunchScreen.storyboard */; };
		18E06C7D295AB7B600E8C7D9 /* ColorsAppTests.swift in Sources */ = {isa = PBXBuildFile; fileRef = 18E06C7C295AB7B600E8C7D9 /* ColorsAppTests.swift */; };
		18E06C87295AB7B600E8C7D9 /* ColorsAppUITests.swift in Sources */ = {isa = PBXBuildFile; fileRef = 18E06C86295AB7B600E8C7D9 /* ColorsAppUITests.swift */; };
		18E06C89295AB7B600E8C7D9 /* ColorsAppUITestsLaunchTests.swift in Sources */ = {isa = PBXBuildFile; fileRef = 18E06C88295AB7B600E8C7D9 /* ColorsAppUITestsLaunchTests.swift */; };
/* End PBXBuildFile section */

/* Begin PBXContainerItemProxy section */
		18E06C79295AB7B600E8C7D9 /* PBXContainerItemProxy */ = {
			isa = PBXContainerItemProxy;
			containerPortal = 18E06C5A295AB7B500E8C7D9 /* Project object */;
			proxyType = 1;
			remoteGlobalIDString = 18E06C61295AB7B500E8C7D9;
			remoteInfo = ColorsApp;
		};
		18E06C83295AB7B600E8C7D9 /* PBXContainerItemProxy */ = {
			isa = PBXContainerItemProxy;
			containerPortal = 18E06C5A295AB7B500E8C7D9 /* Project object */;
			proxyType = 1;
			remoteGlobalIDString = 18E06C61295AB7B500E8C7D9;
			remoteInfo = ColorsApp;
		};
/* End PBXContainerItemProxy section */

/* Begin PBXFileReference section */
		187D75C2295F4B14008ECDB9 /* ColorsTableVC.swift */ = {isa = PBXFileReference; lastKnownFileType = sourcecode.swift; path = ColorsTableVC.swift; sourceTree = "<group>"; };
		187D75C4295F4C71008ECDB9 /* ColorsDetailVC.swift */ = {isa = PBXFileReference; lastKnownFileType = sourcecode.swift; path = ColorsDetailVC.swift; sourceTree = "<group>"; };
		18AF337D29606600004DA39E /* UIColor+ext.swift */ = {isa = PBXFileReference; lastKnownFileType = sourcecode.swift; path = "UIColor+ext.swift"; sourceTree = "<group>"; };
		18E06C62295AB7B500E8C7D9 /* ColorsApp.app */ = {isa = PBXFileReference; explicitFileType = wrapper.application; includeInIndex = 0; path = ColorsApp.app; sourceTree = BUILT_PRODUCTS_DIR; };
		18E06C65295AB7B500E8C7D9 /* AppDelegate.swift */ = {isa = PBXFileReference; lastKnownFileType = sourcecode.swift; path = AppDelegate.swift; sourceTree = "<group>"; };
		18E06C67295AB7B500E8C7D9 /* SceneDelegate.swift */ = {isa = PBXFileReference; lastKnownFileType = sourcecode.swift; path = SceneDelegate.swift; sourceTree = "<group>"; };
		18E06C6C295AB7B500E8C7D9 /* Base */ = {isa = PBXFileReference; lastKnownFileType = file.storyboard; name = Base; path = Base.lproj/Main.storyboard; sourceTree = "<group>"; };
		18E06C6E295AB7B600E8C7D9 /* Assets.xcassets */ = {isa = PBXFileReference; lastKnownFileType = folder.assetcatalog; path = Assets.xcassets; sourceTree = "<group>"; };
		18E06C71295AB7B600E8C7D9 /* Base */ = {isa = PBXFileReference; lastKnownFileType = file.storyboard; name = Base; path = Base.lproj/LaunchScreen.storyboard; sourceTree = "<group>"; };
		18E06C73295AB7B600E8C7D9 /* Info.plist */ = {isa = PBXFileReference; lastKnownFileType = text.plist.xml; path = Info.plist; sourceTree = "<group>"; };
		18E06C78295AB7B600E8C7D9 /* ColorsAppTests.xctest */ = {isa = PBXFileReference; explicitFileType = wrapper.cfbundle; includeInIndex = 0; path = ColorsAppTests.xctest; sourceTree = BUILT_PRODUCTS_DIR; };
		18E06C7C295AB7B600E8C7D9 /* ColorsAppTests.swift */ = {isa = PBXFileReference; lastKnownFileType = sourcecode.swift; path = ColorsAppTests.swift; sourceTree = "<group>"; };
		18E06C82295AB7B600E8C7D9 /* ColorsAppUITests.xctest */ = {isa = PBXFileReference; explicitFileType = wrapper.cfbundle; includeInIndex = 0; path = ColorsAppUITests.xctest; sourceTree = BUILT_PRODUCTS_DIR; };
		18E06C86295AB7B600E8C7D9 /* ColorsAppUITests.swift */ = {isa = PBXFileReference; lastKnownFileType = sourcecode.swift; path = ColorsAppUITests.swift; sourceTree = "<group>"; };
		18E06C88295AB7B600E8C7D9 /* ColorsAppUITestsLaunchTests.swift */ = {isa = PBXFileReference; lastKnownFileType = sourcecode.swift; path = ColorsAppUITestsLaunchTests.swift; sourceTree = "<group>"; };
/* End PBXFileReference section */

/* Begin PBXFrameworksBuildPhase section */
		18E06C5F295AB7B500E8C7D9 /* Frameworks */ = {
			isa = PBXFrameworksBuildPhase;
			buildActionMask = 2147483647;
			files = (
			);
			runOnlyForDeploymentPostprocessing = 0;
		};
		18E06C75295AB7B600E8C7D9 /* Frameworks */ = {
			isa = PBXFrameworksBuildPhase;
			buildActionMask = 2147483647;
			files = (
			);
			runOnlyForDeploymentPostprocessing = 0;
		};
		18E06C7F295AB7B600E8C7D9 /* Frameworks */ = {
			isa = PBXFrameworksBuildPhase;
			buildActionMask = 2147483647;
			files = (
			);
			runOnlyForDeploymentPostprocessing = 0;
		};
/* End PBXFrameworksBuildPhase section */

/* Begin PBXGroup section */
		18E06C59295AB7B500E8C7D9 = {
			isa = PBXGroup;
			children = (
				18E06C64295AB7B500E8C7D9 /* ColorsApp */,
				18E06C7B295AB7B600E8C7D9 /* ColorsAppTests */,
				18E06C85295AB7B600E8C7D9 /* ColorsAppUITests */,
				18E06C63295AB7B500E8C7D9 /* Products */,
			);
			sourceTree = "<group>";
		};
		18E06C63295AB7B500E8C7D9 /* Products */ = {
			isa = PBXGroup;
			children = (
				18E06C62295AB7B500E8C7D9 /* ColorsApp.app */,
				18E06C78295AB7B600E8C7D9 /* ColorsAppTests.xctest */,
				18E06C82295AB7B600E8C7D9 /* ColorsAppUITests.xctest */,
			);
			name = Products;
			sourceTree = "<group>";
		};
		18E06C64295AB7B500E8C7D9 /* ColorsApp */ = {
			isa = PBXGroup;
			children = (
				18E06C65295AB7B500E8C7D9 /* AppDelegate.swift */,
				18E06C67295AB7B500E8C7D9 /* SceneDelegate.swift */,
				18E06C6B295AB7B500E8C7D9 /* Main.storyboard */,
				187D75C4295F4C71008ECDB9 /* ColorsDetailVC.swift */,
				187D75C2295F4B14008ECDB9 /* ColorsTableVC.swift */,
				18AF337D29606600004DA39E /* UIColor+ext.swift */,
				18E06C6E295AB7B600E8C7D9 /* Assets.xcassets */,
				18E06C70295AB7B600E8C7D9 /* LaunchScreen.storyboard */,
				18E06C73295AB7B600E8C7D9 /* Info.plist */,
			);
			path = ColorsApp;
			sourceTree = "<group>";
		};
		18E06C7B295AB7B600E8C7D9 /* ColorsAppTests */ = {
			isa = PBXGroup;
			children = (
				18E06C7C295AB7B600E8C7D9 /* ColorsAppTests.swift */,
			);
			path = ColorsAppTests;
			sourceTree = "<group>";
		};
		18E06C85295AB7B600E8C7D9 /* ColorsAppUITests */ = {
			isa = PBXGroup;
			children = (
				18E06C86295AB7B600E8C7D9 /* ColorsAppUITests.swift */,
				18E06C88295AB7B600E8C7D9 /* ColorsAppUITestsLaunchTests.swift */,
			);
			path = ColorsAppUITests;
			sourceTree = "<group>";
		};
/* End PBXGroup section */

/* Begin PBXNativeTarget section */
		18E06C61295AB7B500E8C7D9 /* ColorsApp */ = {
			isa = PBXNativeTarget;
			buildConfigurationList = 18E06C8C295AB7B600E8C7D9 /* Build configuration list for PBXNativeTarget "ColorsApp" */;
			buildPhases = (
				18E06C5E295AB7B500E8C7D9 /* Sources */,
				18E06C5F295AB7B500E8C7D9 /* Frameworks */,
				18E06C60295AB7B500E8C7D9 /* Resources */,
			);
			buildRules = (
			);
			dependencies = (
			);
			name = ColorsApp;
			productName = ColorsApp;
			productReference = 18E06C62295AB7B500E8C7D9 /* ColorsApp.app */;
			productType = "com.apple.product-type.application";
		};
		18E06C77295AB7B600E8C7D9 /* ColorsAppTests */ = {
			isa = PBXNativeTarget;
			buildConfigurationList = 18E06C8F295AB7B600E8C7D9 /* Build configuration list for PBXNativeTarget "ColorsAppTests" */;
			buildPhases = (
				18E06C74295AB7B600E8C7D9 /* Sources */,
				18E06C75295AB7B600E8C7D9 /* Frameworks */,
				18E06C76295AB7B600E8C7D9 /* Resources */,
			);
			buildRules = (
			);
			dependencies = (
				18E06C7A295AB7B600E8C7D9 /* PBXTargetDependency */,
			);
			name = ColorsAppTests;
			productName = ColorsAppTests;
			productReference = 18E06C78295AB7B600E8C7D9 /* ColorsAppTests.xctest */;
			productType = "com.apple.product-type.bundle.unit-test";
		};
		18E06C81295AB7B600E8C7D9 /* ColorsAppUITests */ = {
			isa = PBXNativeTarget;
			buildConfigurationList = 18E06C92295AB7B600E8C7D9 /* Build configuration list for PBXNativeTarget "ColorsAppUITests" */;
			buildPhases = (
				18E06C7E295AB7B600E8C7D9 /* Sources */,
				18E06C7F295AB7B600E8C7D9 /* Frameworks */,
				18E06C80295AB7B600E8C7D9 /* Resources */,
			);
			buildRules = (
			);
			dependencies = (
				18E06C84295AB7B600E8C7D9 /* PBXTargetDependency */,
			);
			name = ColorsAppUITests;
			productName = ColorsAppUITests;
			productReference = 18E06C82295AB7B600E8C7D9 /* ColorsAppUITests.xctest */;
			productType = "com.apple.product-type.bundle.ui-testing";
		};
/* End PBXNativeTarget section */

/* Begin PBXProject section */
		18E06C5A295AB7B500E8C7D9 /* Project object */ = {
			isa = PBXProject;
			attributes = {
				BuildIndependentTargetsInParallel = 1;
				LastSwiftUpdateCheck = 1410;
				LastUpgradeCheck = 1410;
				TargetAttributes = {
					18E06C61295AB7B500E8C7D9 = {
						CreatedOnToolsVersion = 14.1;
					};
					18E06C77295AB7B600E8C7D9 = {
						CreatedOnToolsVersion = 14.1;
						TestTargetID = 18E06C61295AB7B500E8C7D9;
					};
					18E06C81295AB7B600E8C7D9 = {
						CreatedOnToolsVersion = 14.1;
						TestTargetID = 18E06C61295AB7B500E8C7D9;
					};
				};
			};
			buildConfigurationList = 18E06C5D295AB7B500E8C7D9 /* Build configuration list for PBXProject "ColorsApp" */;
			compatibilityVersion = "Xcode 14.0";
			developmentRegion = en;
			hasScannedForEncodings = 0;
			knownRegions = (
				en,
				Base,
			);
			mainGroup = 18E06C59295AB7B500E8C7D9;
			productRefGroup = 18E06C63295AB7B500E8C7D9 /* Products */;
			projectDirPath = "";
			projectRoot = "";
			targets = (
				18E06C61295AB7B500E8C7D9 /* ColorsApp */,
				18E06C77295AB7B600E8C7D9 /* ColorsAppTests */,
				18E06C81295AB7B600E8C7D9 /* ColorsAppUITests */,
			);
		};
/* End PBXProject section */

/* Begin PBXResourcesBuildPhase section */
		18E06C60295AB7B500E8C7D9 /* Resources */ = {
			isa = PBXResourcesBuildPhase;
			buildActionMask = 2147483647;
			files = (
				18E06C72295AB7B600E8C7D9 /* LaunchScreen.storyboard in Resources */,
				18E06C6F295AB7B600E8C7D9 /* Assets.xcassets in Resources */,
				18E06C6D295AB7B500E8C7D9 /* Main.storyboard in Resources */,
			);
			runOnlyForDeploymentPostprocessing = 0;
		};
		18E06C76295AB7B600E8C7D9 /* Resources */ = {
			isa = PBXResourcesBuildPhase;
			buildActionMask = 2147483647;
			files = (
			);
			runOnlyForDeploymentPostprocessing = 0;
		};
		18E06C80295AB7B600E8C7D9 /* Resources */ = {
			isa = PBXResourcesBuildPhase;
			buildActionMask = 2147483647;
			files = (
			);
			runOnlyForDeploymentPostprocessing = 0;
		};
/* End PBXResourcesBuildPhase section */

/* Begin PBXSourcesBuildPhase section */
		18E06C5E295AB7B500E8C7D9 /* Sources */ = {
			isa = PBXSourcesBuildPhase;
			buildActionMask = 2147483647;
			files = (
				187D75C3295F4B14008ECDB9 /* ColorsTableVC.swift in Sources */,
				187D75C5295F4C71008ECDB9 /* ColorsDetailVC.swift in Sources */,
				18E06C66295AB7B500E8C7D9 /* AppDelegate.swift in Sources */,
				18E06C68295AB7B500E8C7D9 /* SceneDelegate.swift in Sources */,
				18AF337E29606600004DA39E /* UIColor+ext.swift in Sources */,
			);
			runOnlyForDeploymentPostprocessing = 0;
		};
		18E06C74295AB7B600E8C7D9 /* Sources */ = {
			isa = PBXSourcesBuildPhase;
			buildActionMask = 2147483647;
			files = (
				18E06C7D295AB7B600E8C7D9 /* ColorsAppTests.swift in Sources */,
			);
			runOnlyForDeploymentPostprocessing = 0;
		};
		18E06C7E295AB7B600E8C7D9 /* Sources */ = {
			isa = PBXSourcesBuildPhase;
			buildActionMask = 2147483647;
			files = (
				18E06C89295AB7B600E8C7D9 /* ColorsAppUITestsLaunchTests.swift in Sources */,
				18E06C87295AB7B600E8C7D9 /* ColorsAppUITests.swift in Sources */,
			);
			runOnlyForDeploymentPostprocessing = 0;
		};
/* End PBXSourcesBuildPhase section */

/* Begin PBXTargetDependency section */
		18E06C7A295AB7B600E8C7D9 /* PBXTargetDependency */ = {
			isa = PBXTargetDependency;
			target = 18E06C61295AB7B500E8C7D9 /* ColorsApp */;
			targetProxy = 18E06C79295AB7B600E8C7D9 /* PBXContainerItemProxy */;
		};
		18E06C84295AB7B600E8C7D9 /* PBXTargetDependency */ = {
			isa = PBXTargetDependency;
			target = 18E06C61295AB7B500E8C7D9 /* ColorsApp */;
			targetProxy = 18E06C83295AB7B600E8C7D9 /* PBXContainerItemProxy */;
		};
/* End PBXTargetDependency section */

/* Begin PBXVariantGroup section */
		18E06C6B295AB7B500E8C7D9 /* Main.storyboard */ = {
			isa = PBXVariantGroup;
			children = (
				18E06C6C295AB7B500E8C7D9 /* Base */,
			);
			name = Main.storyboard;
			sourceTree = "<group>";
		};
		18E06C70295AB7B600E8C7D9 /* LaunchScreen.storyboard */ = {
			isa = PBXVariantGroup;
			children = (
				18E06C71295AB7B600E8C7D9 /* Base */,
			);
			name = LaunchScreen.storyboard;
			sourceTree = "<group>";
		};
/* End PBXVariantGroup section */

/* Begin XCBuildConfiguration section */
		18E06C8A295AB7B600E8C7D9 /* Debug */ = {
			isa = XCBuildConfiguration;
			buildSettings = {
				ALWAYS_SEARCH_USER_PATHS = NO;
				CLANG_ANALYZER_NONNULL = YES;
				CLANG_ANALYZER_NUMBER_OBJECT_CONVERSION = YES_AGGRESSIVE;
				CLANG_CXX_LANGUAGE_STANDARD = "gnu++20";
				CLANG_ENABLE_MODULES = YES;
				CLANG_ENABLE_OBJC_ARC = YES;
				CLANG_ENABLE_OBJC_WEAK = YES;
				CLANG_WARN_BLOCK_CAPTURE_AUTORELEASING = YES;
				CLANG_WARN_BOOL_CONVERSION = YES;
				CLANG_WARN_COMMA = YES;
				CLANG_WARN_CONSTANT_CONVERSION = YES;
				CLANG_WARN_DEPRECATED_OBJC_IMPLEMENTATIONS = YES;
				CLANG_WARN_DIRECT_OBJC_ISA_USAGE = YES_ERROR;
				CLANG_WARN_DOCUMENTATION_COMMENTS = YES;
				CLANG_WARN_EMPTY_BODY = YES;
				CLANG_WARN_ENUM_CONVERSION = YES;
				CLANG_WARN_INFINITE_RECURSION = YES;
				CLANG_WARN_INT_CONVERSION = YES;
				CLANG_WARN_NON_LITERAL_NULL_CONVERSION = YES;
				CLANG_WARN_OBJC_IMPLICIT_RETAIN_SELF = YES;
				CLANG_WARN_OBJC_LITERAL_CONVERSION = YES;
				CLANG_WARN_OBJC_ROOT_CLASS = YES_ERROR;
				CLANG_WARN_QUOTED_INCLUDE_IN_FRAMEWORK_HEADER = YES;
				CLANG_WARN_RANGE_LOOP_ANALYSIS = YES;
				CLANG_WARN_STRICT_PROTOTYPES = YES;
				CLANG_WARN_SUSPICIOUS_MOVE = YES;
				CLANG_WARN_UNGUARDED_AVAILABILITY = YES_AGGRESSIVE;
				CLANG_WARN_UNREACHABLE_CODE = YES;
				CLANG_WARN__DUPLICATE_METHOD_MATCH = YES;
				COPY_PHASE_STRIP = NO;
				DEBUG_INFORMATION_FORMAT = dwarf;
				ENABLE_STRICT_OBJC_MSGSEND = YES;
				ENABLE_TESTABILITY = YES;
				GCC_C_LANGUAGE_STANDARD = gnu11;
				GCC_DYNAMIC_NO_PIC = NO;
				GCC_NO_COMMON_BLOCKS = YES;
				GCC_OPTIMIZATION_LEVEL = 0;
				GCC_PREPROCESSOR_DEFINITIONS = (
					"DEBUG=1",
					"$(inherited)",
				);
				GCC_WARN_64_TO_32_BIT_CONVERSION = YES;
				GCC_WARN_ABOUT_RETURN_TYPE = YES_ERROR;
				GCC_WARN_UNDECLARED_SELECTOR = YES;
				GCC_WARN_UNINITIALIZED_AUTOS = YES_AGGRESSIVE;
				GCC_WARN_UNUSED_FUNCTION = YES;
				GCC_WARN_UNUSED_VARIABLE = YES;
				IPHONEOS_DEPLOYMENT_TARGET = 16.1;
				MTL_ENABLE_DEBUG_INFO = INCLUDE_SOURCE;
				MTL_FAST_MATH = YES;
				ONLY_ACTIVE_ARCH = YES;
				SDKROOT = iphoneos;
				SWIFT_ACTIVE_COMPILATION_CONDITIONS = DEBUG;
				SWIFT_OPTIMIZATION_LEVEL = "-Onone";
			};
			name = Debug;
		};
		18E06C8B295AB7B600E8C7D9 /* Release */ = {
			isa = XCBuildConfiguration;
			buildSettings = {
				ALWAYS_SEARCH_USER_PATHS = NO;
				CLANG_ANALYZER_NONNULL = YES;
				CLANG_ANALYZER_NUMBER_OBJECT_CONVERSION = YES_AGGRESSIVE;
				CLANG_CXX_LANGUAGE_STANDARD = "gnu++20";
				CLANG_ENABLE_MODULES = YES;
				CLANG_ENABLE_OBJC_ARC = YES;
				CLANG_ENABLE_OBJC_WEAK = YES;
				CLANG_WARN_BLOCK_CAPTURE_AUTORELEASING = YES;
				CLANG_WARN_BOOL_CONVERSION = YES;
				CLANG_WARN_COMMA = YES;
				CLANG_WARN_CONSTANT_CONVERSION = YES;
				CLANG_WARN_DEPRECATED_OBJC_IMPLEMENTATIONS = YES;
				CLANG_WARN_DIRECT_OBJC_ISA_USAGE = YES_ERROR;
				CLANG_WARN_DOCUMENTATION_COMMENTS = YES;
				CLANG_WARN_EMPTY_BODY = YES;
				CLANG_WARN_ENUM_CONVERSION = YES;
				CLANG_WARN_INFINITE_RECURSION = YES;
				CLANG_WARN_INT_CONVERSION = YES;
				CLANG_WARN_NON_LITERAL_NULL_CONVERSION = YES;
				CLANG_WARN_OBJC_IMPLICIT_RETAIN_SELF = YES;
				CLANG_WARN_OBJC_LITERAL_CONVERSION = YES;
				CLANG_WARN_OBJC_ROOT_CLASS = YES_ERROR;
				CLANG_WARN_QUOTED_INCLUDE_IN_FRAMEWORK_HEADER = YES;
				CLANG_WARN_RANGE_LOOP_ANALYSIS = YES;
				CLANG_WARN_STRICT_PROTOTYPES = YES;
				CLANG_WARN_SUSPICIOUS_MOVE = YES;
				CLANG_WARN_UNGUARDED_AVAILABILITY = YES_AGGRESSIVE;
				CLANG_WARN_UNREACHABLE_CODE = YES;
				CLANG_WARN__DUPLICATE_METHOD_MATCH = YES;
				COPY_PHASE_STRIP = NO;
				DEBUG_INFORMATION_FORMAT = "dwarf-with-dsym";
				ENABLE_NS_ASSERTIONS = NO;
				ENABLE_STRICT_OBJC_MSGSEND = YES;
				GCC_C_LANGUAGE_STANDARD = gnu11;
				GCC_NO_COMMON_BLOCKS = YES;
				GCC_WARN_64_TO_32_BIT_CONVERSION = YES;
				GCC_WARN_ABOUT_RETURN_TYPE = YES_ERROR;
				GCC_WARN_UNDECLARED_SELECTOR = YES;
				GCC_WARN_UNINITIALIZED_AUTOS = YES_AGGRESSIVE;
				GCC_WARN_UNUSED_FUNCTION = YES;
				GCC_WARN_UNUSED_VARIABLE = YES;
				IPHONEOS_DEPLOYMENT_TARGET = 16.1;
				MTL_ENABLE_DEBUG_INFO = NO;
				MTL_FAST_MATH = YES;
				SDKROOT = iphoneos;
				SWIFT_COMPILATION_MODE = wholemodule;
				SWIFT_OPTIMIZATION_LEVEL = "-O";
				VALIDATE_PRODUCT = YES;
			};
			name = Release;
		};
		18E06C8D295AB7B600E8C7D9 /* Debug */ = {
			isa = XCBuildConfiguration;
			buildSettings = {
				ASSETCATALOG_COMPILER_APPICON_NAME = AppIcon;
				ASSETCATALOG_COMPILER_GLOBAL_ACCENT_COLOR_NAME = AccentColor;
				CODE_SIGN_STYLE = Automatic;
				CURRENT_PROJECT_VERSION = 1;
				GENERATE_INFOPLIST_FILE = YES;
				INFOPLIST_FILE = ColorsApp/Info.plist;
				INFOPLIST_KEY_UIApplicationSupportsIndirectInputEvents = YES;
				INFOPLIST_KEY_UILaunchStoryboardName = LaunchScreen;
				INFOPLIST_KEY_UIMainStoryboardFile = Main;
				INFOPLIST_KEY_UISupportedInterfaceOrientations_iPad = "UIInterfaceOrientationPortrait UIInterfaceOrientationPortraitUpsideDown UIInterfaceOrientationLandscapeLeft UIInterfaceOrientationLandscapeRight";
				INFOPLIST_KEY_UISupportedInterfaceOrientations_iPhone = "UIInterfaceOrientationPortrait UIInterfaceOrientationLandscapeLeft UIInterfaceOrientationLandscapeRight";
				LD_RUNPATH_SEARCH_PATHS = (
					"$(inherited)",
					"@executable_path/Frameworks",
				);
				MARKETING_VERSION = 1.0;
				PRODUCT_BUNDLE_IDENTIFIER = com.mycompany.ColorsApp;
				PRODUCT_NAME = "$(TARGET_NAME)";
				SWIFT_EMIT_LOC_STRINGS = YES;
				SWIFT_VERSION = 5.0;
				TARGETED_DEVICE_FAMILY = "1,2";
			};
			name = Debug;
		};
		18E06C8E295AB7B600E8C7D9 /* Release */ = {
			isa = XCBuildConfiguration;
			buildSettings = {
				ASSETCATALOG_COMPILER_APPICON_NAME = AppIcon;
				ASSETCATALOG_COMPILER_GLOBAL_ACCENT_COLOR_NAME = AccentColor;
				CODE_SIGN_STYLE = Automatic;
				CURRENT_PROJECT_VERSION = 1;
				GENERATE_INFOPLIST_FILE = YES;
				INFOPLIST_FILE = ColorsApp/Info.plist;
				INFOPLIST_KEY_UIApplicationSupportsIndirectInputEvents = YES;
				INFOPLIST_KEY_UILaunchStoryboardName = LaunchScreen;
				INFOPLIST_KEY_UIMainStoryboardFile = Main;
				INFOPLIST_KEY_UISupportedInterfaceOrientations_iPad = "UIInterfaceOrientationPortrait UIInterfaceOrientationPortraitUpsideDown UIInterfaceOrientationLandscapeLeft UIInterfaceOrientationLandscapeRight";
				INFOPLIST_KEY_UISupportedInterfaceOrientations_iPhone = "UIInterfaceOrientationPortrait UIInterfaceOrientationLandscapeLeft UIInterfaceOrientationLandscapeRight";
				LD_RUNPATH_SEARCH_PATHS = (
					"$(inherited)",
					"@executable_path/Frameworks",
				);
				MARKETING_VERSION = 1.0;
				PRODUCT_BUNDLE_IDENTIFIER = com.mycompany.ColorsApp;
				PRODUCT_NAME = "$(TARGET_NAME)";
				SWIFT_EMIT_LOC_STRINGS = YES;
				SWIFT_VERSION = 5.0;
				TARGETED_DEVICE_FAMILY = "1,2";
			};
			name = Release;
		};
		18E06C90295AB7B600E8C7D9 /* Debug */ = {
			isa = XCBuildConfiguration;
			buildSettings = {
				ALWAYS_EMBED_SWIFT_STANDARD_LIBRARIES = YES;
				BUNDLE_LOADER = "$(TEST_HOST)";
				CODE_SIGN_STYLE = Automatic;
				CURRENT_PROJECT_VERSION = 1;
				GENERATE_INFOPLIST_FILE = YES;
				IPHONEOS_DEPLOYMENT_TARGET = 16.1;
				MARKETING_VERSION = 1.0;
				PRODUCT_BUNDLE_IDENTIFIER = com.mycompany.ColorsAppTests;
				PRODUCT_NAME = "$(TARGET_NAME)";
				SWIFT_EMIT_LOC_STRINGS = NO;
				SWIFT_VERSION = 5.0;
				TARGETED_DEVICE_FAMILY = "1,2";
				TEST_HOST = "$(BUILT_PRODUCTS_DIR)/ColorsApp.app/$(BUNDLE_EXECUTABLE_FOLDER_PATH)/ColorsApp";
			};
			name = Debug;
		};
		18E06C91295AB7B600E8C7D9 /* Release */ = {
			isa = XCBuildConfiguration;
			buildSettings = {
				ALWAYS_EMBED_SWIFT_STANDARD_LIBRARIES = YES;
				BUNDLE_LOADER = "$(TEST_HOST)";
				CODE_SIGN_STYLE = Automatic;
				CURRENT_PROJECT_VERSION = 1;
				GENERATE_INFOPLIST_FILE = YES;
				IPHONEOS_DEPLOYMENT_TARGET = 16.1;
				MARKETING_VERSION = 1.0;
				PRODUCT_BUNDLE_IDENTIFIER = com.mycompany.ColorsAppTests;
				PRODUCT_NAME = "$(TARGET_NAME)";
				SWIFT_EMIT_LOC_STRINGS = NO;
				SWIFT_VERSION = 5.0;
				TARGETED_DEVICE_FAMILY = "1,2";
				TEST_HOST = "$(BUILT_PRODUCTS_DIR)/ColorsApp.app/$(BUNDLE_EXECUTABLE_FOLDER_PATH)/ColorsApp";
			};
			name = Release;
		};
		18E06C93295AB7B600E8C7D9 /* Debug */ = {
			isa = XCBuildConfiguration;
			buildSettings = {
				ALWAYS_EMBED_SWIFT_STANDARD_LIBRARIES = YES;
				CODE_SIGN_STYLE = Automatic;
				CURRENT_PROJECT_VERSION = 1;
				GENERATE_INFOPLIST_FILE = YES;
				MARKETING_VERSION = 1.0;
				PRODUCT_BUNDLE_IDENTIFIER = com.mycompany.ColorsAppUITests;
				PRODUCT_NAME = "$(TARGET_NAME)";
				SWIFT_EMIT_LOC_STRINGS = NO;
				SWIFT_VERSION = 5.0;
				TARGETED_DEVICE_FAMILY = "1,2";
				TEST_TARGET_NAME = ColorsApp;
			};
			name = Debug;
		};
		18E06C94295AB7B600E8C7D9 /* Release */ = {
			isa = XCBuildConfiguration;
			buildSettings = {
				ALWAYS_EMBED_SWIFT_STANDARD_LIBRARIES = YES;
				CODE_SIGN_STYLE = Automatic;
				CURRENT_PROJECT_VERSION = 1;
				GENERATE_INFOPLIST_FILE = YES;
				MARKETING_VERSION = 1.0;
				PRODUCT_BUNDLE_IDENTIFIER = com.mycompany.ColorsAppUITests;
				PRODUCT_NAME = "$(TARGET_NAME)";
				SWIFT_EMIT_LOC_STRINGS = NO;
				SWIFT_VERSION = 5.0;
				TARGETED_DEVICE_FAMILY = "1,2";
				TEST_TARGET_NAME = ColorsApp;
			};
			name = Release;
		};
/* End XCBuildConfiguration section */

/* Begin XCConfigurationList section */
		18E06C5D295AB7B500E8C7D9 /* Build configuration list for PBXProject "ColorsApp" */ = {
			isa = XCConfigurationList;
			buildConfigurations = (
				18E06C8A295AB7B600E8C7D9 /* Debug */,
				18E06C8B295AB7B600E8C7D9 /* Release */,
			);
			defaultConfigurationIsVisible = 0;
			defaultConfigurationName = Release;
		};
		18E06C8C295AB7B600E8C7D9 /* Build configuration list for PBXNativeTarget "ColorsApp" */ = {
			isa = XCConfigurationList;
			buildConfigurations = (
				18E06C8D295AB7B600E8C7D9 /* Debug */,
				18E06C8E295AB7B600E8C7D9 /* Release */,
			);
			defaultConfigurationIsVisible = 0;
			defaultConfigurationName = Release;
		};
		18E06C8F295AB7B600E8C7D9 /* Build configuration list for PBXNativeTarget "ColorsAppTests" */ = {
			isa = XCConfigurationList;
			buildConfigurations = (
				18E06C90295AB7B600E8C7D9 /* Debug */,
				18E06C91295AB7B600E8C7D9 /* Release */,
			);
			defaultConfigurationIsVisible = 0;
			defaultConfigurationName = Release;
		};
		18E06C92295AB7B600E8C7D9 /* Build configuration list for PBXNativeTarget "ColorsAppUITests" */ = {
			isa = XCConfigurationList;
			buildConfigurations = (
				18E06C93295AB7B600E8C7D9 /* Debug */,
				18E06C94295AB7B600E8C7D9 /* Release */,
			);
			defaultConfigurationIsVisible = 0;
			defaultConfigurationName = Release;
		};
/* End XCConfigurationList section */
	};
	rootObject = 18E06C5A295AB7B500E8C7D9 /* Project object */;
}
